
Microsoft Visual Studio Solution File, Format Version 12.00
# Visual Studio Version 17
VisualStudioVersion = 17.10.34928.147
MinimumVisualStudioVersion = 10.0.40219.1
Project("{9A19103F-16F7-4668-BE54-9A1E7A4F7556}") = "CMA", "APITesting\CMA.csproj", "{BE0A0B94-E522-4CEF-9034-1D9D96388846}"
EndProject
Project("{2150E333-8FDC-42A3-9474-1A3956D46DE8}") = "TestFramework", "TestFramework", "{5CF2304A-6BCA-4456-902A-D1C32C3E9ABC}"
EndProject
Global
	GlobalSection(SolutionConfigurationPlatforms) = preSolution
		Debug|Any CPU = Debug|Any CPU
		Release|Any CPU = Release|Any CPU
	EndGlobalSection
	GlobalSection(ProjectConfigurationPlatforms) = postSolution
		{BE0A0B94-E522-4CEF-9034-1D9D96388846}.Debug|Any CPU.ActiveCfg = Debug|Any CPU
		{BE0A0B94-E522-4CEF-9034-1D9D96388846}.Debug|Any CPU.Build.0 = Debug|Any CPU
		{BE0A0B94-E522-4CEF-9034-1D9D96388846}.Release|Any CPU.ActiveCfg = Release|Any CPU
		{BE0A0B94-E522-4CEF-9034-1D9D96388846}.Release|Any CPU.Build.0 = Release|Any CPU
	EndGlobalSection
	GlobalSection(SolutionProperties) = preSolution
		HideSolutionNode = FALSE
	EndGlobalSection
	GlobalSection(NestedProjects) = preSolution
		{BE0A0B94-E522-4CEF-9034-1D9D96388846} = {5CF2304A-6BCA-4456-902A-D1C32C3E9ABC}
	EndGlobalSection
	GlobalSection(ExtensibilityGlobals) = postSolution
		SolutionGuid = {40078E94-3CB1-421C-A2AB-5C3400F4EDC5}
	EndGlobalSection
EndGlobal
